
Microsoft Visual Studio Solution File, Format Version 12.00
# Visual Studio Version 17
VisualStudioVersion = 17.14.36518.9 d17.14
MinimumVisualStudioVersion = 10.0.40219.1
Project("{8BC9CEB8-8B4A-11D0-8D11-00A0C91BC942}") = "quanlyphongtro", "quanlyphongtro\quanlyphongtro.vcxproj", "{AE0F7503-AF69-498A-93EB-57B14E22E6F4}"
EndProject
Global
	GlobalSection(SolutionConfigurationPlatforms) = preSolution
		Debug|x64 = Debug|x64
		Debug|x86 = Debug|x86
		Release|x64 = Release|x64
		Release|x86 = Release|x86
	EndGlobalSection
	GlobalSection(ProjectConfigurationPlatforms) = postSolution
		{AE0F7503-AF69-498A-93EB-57B14E22E6F4}.Debug|x64.ActiveCfg = Debug|x64
		{AE0F7503-AF69-498A-93EB-57B14E22E6F4}.Debug|x64.Build.0 = Debug|x64
		{AE0F7503-AF69-498A-93EB-57B14E22E6F4}.Debug|x86.ActiveCfg = Debug|Win32
		{AE0F7503-AF69-498A-93EB-57B14E22E6F4}.Debug|x86.Build.0 = Debug|Win32
		{AE0F7503-AF69-498A-93EB-57B14E22E6F4}.Release|x64.ActiveCfg = Release|x64
		{AE0F7503-AF69-498A-93EB-57B14E22E6F4}.Release|x64.Build.0 = Release|x64
		{AE0F7503-AF69-498A-93EB-57B14E22E6F4}.Release|x86.ActiveCfg = Release|Win32
		{AE0F7503-AF69-498A-93EB-57B14E22E6F4}.Release|x86.Build.0 = Release|Win32
	EndGlobalSection
	GlobalSection(SolutionProperties) = preSolution
		HideSolutionNode = FALSE
	EndGlobalSection
	GlobalSection(ExtensibilityGlobals) = postSolution
		SolutionGuid = {BFEA40C8-5AB4-4DDC-AB84-1B08D8F28DAA}
	EndGlobalSection
EndGlobal
